
Microsoft Visual Studio Solution File, Format Version 12.00
# Visual Studio 14
VisualStudioVersion = 14.0.23107.0
MinimumVisualStudioVersion = 10.0.40219.1
Project("{FAE04EC0-301F-11D3-BF4B-00C04F79EFBC}") = "SoundCenSe", "SoundCenSe\SoundCenSe.csproj", "{2C19650D-0695-4619-9913-FA1839D2FE08}"
EndProject
Global
	GlobalSection(SolutionConfigurationPlatforms) = preSolution
		Debug|Any CPU = Debug|Any CPU
		Release|Any CPU = Release|Any CPU
	EndGlobalSection
	GlobalSection(ProjectConfigurationPlatforms) = postSolution
		{2C19650D-0695-4619-9913-FA1839D2FE08}.Debug|Any CPU.ActiveCfg = Debug|Any CPU
		{2C19650D-0695-4619-9913-FA1839D2FE08}.Debug|Any CPU.Build.0 = Debug|Any CPU
		{2C19650D-0695-4619-9913-FA1839D2FE08}.Release|Any CPU.ActiveCfg = Release|Any CPU
		{2C19650D-0695-4619-9913-FA1839D2FE08}.Release|Any CPU.Build.0 = Release|Any CPU
	EndGlobalSection
	GlobalSection(SolutionProperties) = preSolution
		HideSolutionNode = FALSE
	EndGlobalSection
EndGlobal
